
Microsoft Visual Studio Solution File, Format Version 12.00
# Visual Studio Version 17
VisualStudioVersion = 17.11.35327.3
MinimumVisualStudioVersion = 10.0.40219.1
Project("{FAE04EC0-301F-11D3-BF4B-00C04F79EFBC}") = "ProyTurismo_BE", "ProyTurismo_BE\ProyTurismo_BE.csproj", "{24DEA00F-7AE1-4831-9C57-ADC67BC22D3C}"
EndProject
Project("{FAE04EC0-301F-11D3-BF4B-00C04F79EFBC}") = "ProyTurismo_BL", "ProyTurismo_BL\ProyTurismo_BL.csproj", "{2CA06A30-7C81-4DFB-86C0-D2582D2348EA}"
EndProject
Project("{FAE04EC0-301F-11D3-BF4B-00C04F79EFBC}") = "ProyTurismo_ADO", "ProyTurismo_ADO\ProyTurismo_ADO.csproj", "{9D830FA9-D784-4A1E-AADA-C804B0152CC9}"
EndProject
Project("{FAE04EC0-301F-11D3-BF4B-00C04F79EFBC}") = "SitioWEB_TurismoGUI", "SitioWEB_TurismoGUI\SitioWEB_TurismoGUI.csproj", "{1CCA9C71-4DCB-4322-A508-27FC159F4E08}"
EndProject
Global
	GlobalSection(SolutionConfigurationPlatforms) = preSolution
		Debug|Any CPU = Debug|Any CPU
		Release|Any CPU = Release|Any CPU
	EndGlobalSection
	GlobalSection(ProjectConfigurationPlatforms) = postSolution
		{24DEA00F-7AE1-4831-9C57-ADC67BC22D3C}.Debug|Any CPU.ActiveCfg = Debug|Any CPU
		{24DEA00F-7AE1-4831-9C57-ADC67BC22D3C}.Debug|Any CPU.Build.0 = Debug|Any CPU
		{24DEA00F-7AE1-4831-9C57-ADC67BC22D3C}.Release|Any CPU.ActiveCfg = Release|Any CPU
		{24DEA00F-7AE1-4831-9C57-ADC67BC22D3C}.Release|Any CPU.Build.0 = Release|Any CPU
		{2CA06A30-7C81-4DFB-86C0-D2582D2348EA}.Debug|Any CPU.ActiveCfg = Debug|Any CPU
		{2CA06A30-7C81-4DFB-86C0-D2582D2348EA}.Debug|Any CPU.Build.0 = Debug|Any CPU
		{2CA06A30-7C81-4DFB-86C0-D2582D2348EA}.Release|Any CPU.ActiveCfg = Release|Any CPU
		{2CA06A30-7C81-4DFB-86C0-D2582D2348EA}.Release|Any CPU.Build.0 = Release|Any CPU
		{9D830FA9-D784-4A1E-AADA-C804B0152CC9}.Debug|Any CPU.ActiveCfg = Debug|Any CPU
		{9D830FA9-D784-4A1E-AADA-C804B0152CC9}.Debug|Any CPU.Build.0 = Debug|Any CPU
		{9D830FA9-D784-4A1E-AADA-C804B0152CC9}.Release|Any CPU.ActiveCfg = Release|Any CPU
		{9D830FA9-D784-4A1E-AADA-C804B0152CC9}.Release|Any CPU.Build.0 = Release|Any CPU
		{1CCA9C71-4DCB-4322-A508-27FC159F4E08}.Debug|Any CPU.ActiveCfg = Debug|Any CPU
		{1CCA9C71-4DCB-4322-A508-27FC159F4E08}.Debug|Any CPU.Build.0 = Debug|Any CPU
		{1CCA9C71-4DCB-4322-A508-27FC159F4E08}.Release|Any CPU.ActiveCfg = Release|Any CPU
		{1CCA9C71-4DCB-4322-A508-27FC159F4E08}.Release|Any CPU.Build.0 = Release|Any CPU
	EndGlobalSection
	GlobalSection(SolutionProperties) = preSolution
		HideSolutionNode = FALSE
	EndGlobalSection
	GlobalSection(ExtensibilityGlobals) = postSolution
		SolutionGuid = {67B8914E-285D-4E17-A517-9C05FC9CC405}
	EndGlobalSection
EndGlobal
